#
# This file is autogenerated by pip-compile with Python 3.11
# by the following command:
#
#    pip-compile --extra=dev --output-file=requirements-dev.lock --strip-extras pyproject.toml
#
annotated-doc==0.0.5
    # via fastapi
annotated-types==0.8.0
    # via pydantic
anyio==4.14.2
    # via
    #   httpx
    #   httpx2
    #   starlette
    #   watchfiles
asyncpg==0.31.0
    # via liara-assistant-api (pyproject.toml)
build==1.5.0
    # via pip-tools
certifi==2026.7.22
    # via
    #   httpcore
    #   httpx
click==8.4.2
    # via
    #   pip-tools
    #   uvicorn
fastapi==0.141.1
    # via liara-assistant-api (pyproject.toml)
h11==0.16.0
    # via
    #   httpcore
    #   httpcore2
    #   uvicorn
httpcore==1.0.9
    # via httpx
httpcore2==2.12.0
    # via httpx2
httptools==0.8.0
    # via uvicorn
httpx==0.28.1
    # via liara-assistant-api (pyproject.toml)
httpx2==2.12.0
    # via liara-assistant-api (pyproject.toml)
idna==3.19
    # via
    #   anyio
    #   httpx
    #   httpx2
iniconfig==2.3.0
    # via pytest
librt==0.15.0
    # via mypy
mypy==1.20.2
    # via liara-assistant-api (pyproject.toml)
mypy-extensions==1.1.0
    # via mypy
packaging==26.3
    # via
    #   build
    #   pytest
    #   wheel
pathspec==1.1.1
    # via mypy
pip-tools==7.6.1
    # via liara-assistant-api (pyproject.toml)
pluggy==1.6.0
    # via pytest
pydantic==2.13.4
    # via
    #   fastapi
    #   pydantic-settings
pydantic-core==2.46.4
    # via pydantic
pydantic-settings==2.15.0
    # via liara-assistant-api (pyproject.toml)
pygments==2.21.0
    # via pytest
pyproject-hooks==1.2.0
    # via
    #   build
    #   pip-tools
pytest==8.4.2
    # via
    #   liara-assistant-api (pyproject.toml)
    #   pytest-asyncio
pytest-asyncio==1.4.0
    # via liara-assistant-api (pyproject.toml)
python-dotenv==1.2.3
    # via
    #   pydantic-settings
    #   uvicorn
pyyaml==6.0.3
    # via uvicorn
redis==7.4.1
    # via liara-assistant-api (pyproject.toml)
ruff==0.16.4
    # via liara-assistant-api (pyproject.toml)
starlette==1.6.0
    # via fastapi
truststore==0.10.4
    # via
    #   httpcore2
    #   httpx2
typing-extensions==4.16.0
    # via
    #   anyio
    #   fastapi
    #   httpx2
    #   mypy
    #   pydantic
    #   pydantic-core
    #   pytest-asyncio
    #   starlette
    #   typing-inspection
typing-inspection==0.4.4
    # via
    #   fastapi
    #   pydantic
    #   pydantic-settings
uvicorn==0.52.4
    # via liara-assistant-api (pyproject.toml)
uvloop==0.22.1
    # via uvicorn
watchfiles==1.2.0
    # via uvicorn
websockets==17.0.1
    # via uvicorn
wheel==0.48.0
    # via pip-tools

# The following packages are considered to be unsafe in a requirements file:
# pip
# setuptools
